{
  "pins" : [
    {
      "identity" : "swift-promise",
      "kind" : "remoteSourceControl",
      "location" : "https://github.com/sutext/swift-promise",
      "state" : {
        "revision" : "a40b8d605aa55c74ec1631daad7a59a5ce5fb075",
        "version" : "2.0.2"
      }
    }
  ],
  "version" : 2
}
