{
  "pins" : [
    {
      "identity" : "swift-promise",
      "kind" : "remoteSourceControl",
      "location" : "https://github.com/sutext/swift-promise",
      "state" : {
        "revision" : "9fd1e6706dbb8c3543607f8fcd27e94a892ac541",
        "version" : "2.0.1"
      }
    }
  ],
  "version" : 2
}
