{
  "originHash" : "7776628351059a8515de32ec4f0852e616f8e411190768b9884535aed4f4aa58",
  "pins" : [
    {
      "identity" : "swift-promise",
      "kind" : "remoteSourceControl",
      "location" : "https://github.com/sutext/swift-promise",
      "state" : {
        "revision" : "553a174fa9b482177f5e8f3737952aecde061c66",
        "version" : "2.0.0"
      }
    }
  ],
  "version" : 3
}
