{
  "pins" : [
    {
      "identity" : "swift-promise",
      "kind" : "remoteSourceControl",
      "location" : "https://github.com/sutext/swift-promise",
      "state" : {
        "revision" : "7c60757445266d3432eff3cff05d479e16f6bbc6",
        "version" : "2.1.0"
      }
    }
  ],
  "version" : 2
}
