{
  "originHash" : "7029a2d6957c5876579f84e217f4aba504aed4d76b754045fb741fdde0125be7",
  "pins" : [
    {
      "identity" : "swift-promise",
      "kind" : "remoteSourceControl",
      "location" : "https://github.com/sutext/swift-promise",
      "state" : {
        "revision" : "6357e531bb8c148cf07caa4935a76f114765198f",
        "version" : "1.3.0"
      }
    }
  ],
  "version" : 3
}
